
Microsoft Visual Studio Solution File, Format Version 12.00
# Visual Studio Version 17
VisualStudioVersion = 17.13.35806.99 d17.13
MinimumVisualStudioVersion = 10.0.40219.1
Project("{FAE04EC0-301F-11D3-BF4B-00C04F79EFBC}") = "LABA6", "LABA6.csproj", "{24621BFC-8001-4F98-B32C-4DAFBEA5BA9E}"
EndProject
Global
	GlobalSection(SolutionConfigurationPlatforms) = preSolution
		Debug|Any CPU = Debug|Any CPU
		Release|Any CPU = Release|Any CPU
	EndGlobalSection
	GlobalSection(ProjectConfigurationPlatforms) = postSolution
		{24621BFC-8001-4F98-B32C-4DAFBEA5BA9E}.Debug|Any CPU.ActiveCfg = Debug|Any CPU
		{24621BFC-8001-4F98-B32C-4DAFBEA5BA9E}.Debug|Any CPU.Build.0 = Debug|Any CPU
		{24621BFC-8001-4F98-B32C-4DAFBEA5BA9E}.Release|Any CPU.ActiveCfg = Release|Any CPU
		{24621BFC-8001-4F98-B32C-4DAFBEA5BA9E}.Release|Any CPU.Build.0 = Release|Any CPU
	EndGlobalSection
	GlobalSection(SolutionProperties) = preSolution
		HideSolutionNode = FALSE
	EndGlobalSection
	GlobalSection(ExtensibilityGlobals) = postSolution
		SolutionGuid = {61C3F0D2-BAC0-4EE0-A3EC-76E20052145A}
	EndGlobalSection
EndGlobal
